
Microsoft Visual Studio Solution File, Format Version 12.00
# Visual Studio Version 16
VisualStudioVersion = 16.0.29123.89
MinimumVisualStudioVersion = 10.0.40219.1
Project("{FAE04EC0-301F-11D3-BF4B-00C04F79EFBC}") = "Community.Clients.Android", "Community.Clients\Community.Clients.Android\Community.Clients.Android.csproj", "{31B06611-1920-4E93-ACAE-0555FD7AC44F}"
EndProject
Project("{FAE04EC0-301F-11D3-BF4B-00C04F79EFBC}") = "Community.Clients.iOS", "Community.Clients\Community.Clients.iOS\Community.Clients.iOS.csproj", "{ADD94449-DC0E-4F48-945F-F26A96229F1B}"
EndProject
Project("{FAE04EC0-301F-11D3-BF4B-00C04F79EFBC}") = "Community.Clients", "Community.Clients\Community.Clients\Community.Clients.csproj", "{2FBD43D2-2A1F-426B-9D62-36D8C9258F0A}"
EndProject
Global
	GlobalSection(SolutionConfigurationPlatforms) = preSolution
		Debug|Any CPU = Debug|Any CPU
		Debug|iPhone = Debug|iPhone
		Debug|iPhoneSimulator = Debug|iPhoneSimulator
		Release|Any CPU = Release|Any CPU
		Release|iPhone = Release|iPhone
		Release|iPhoneSimulator = Release|iPhoneSimulator
	EndGlobalSection
	GlobalSection(ProjectConfigurationPlatforms) = postSolution
		{31B06611-1920-4E93-ACAE-0555FD7AC44F}.Debug|Any CPU.ActiveCfg = Debug|Any CPU
		{31B06611-1920-4E93-ACAE-0555FD7AC44F}.Debug|Any CPU.Build.0 = Debug|Any CPU
		{31B06611-1920-4E93-ACAE-0555FD7AC44F}.Debug|Any CPU.Deploy.0 = Debug|Any CPU
		{31B06611-1920-4E93-ACAE-0555FD7AC44F}.Debug|iPhone.ActiveCfg = Debug|Any CPU
		{31B06611-1920-4E93-ACAE-0555FD7AC44F}.Debug|iPhone.Build.0 = Debug|Any CPU
		{31B06611-1920-4E93-ACAE-0555FD7AC44F}.Debug|iPhone.Deploy.0 = Debug|Any CPU
		{31B06611-1920-4E93-ACAE-0555FD7AC44F}.Debug|iPhoneSimulator.ActiveCfg = Debug|Any CPU
		{31B06611-1920-4E93-ACAE-0555FD7AC44F}.Debug|iPhoneSimulator.Build.0 = Debug|Any CPU
		{31B06611-1920-4E93-ACAE-0555FD7AC44F}.Debug|iPhoneSimulator.Deploy.0 = Debug|Any CPU
		{31B06611-1920-4E93-ACAE-0555FD7AC44F}.Release|Any CPU.ActiveCfg = Release|Any CPU
		{31B06611-1920-4E93-ACAE-0555FD7AC44F}.Release|Any CPU.Build.0 = Release|Any CPU
		{31B06611-1920-4E93-ACAE-0555FD7AC44F}.Release|Any CPU.Deploy.0 = Release|Any CPU
		{31B06611-1920-4E93-ACAE-0555FD7AC44F}.Release|iPhone.ActiveCfg = Release|Any CPU
		{31B06611-1920-4E93-ACAE-0555FD7AC44F}.Release|iPhone.Build.0 = Release|Any CPU
		{31B06611-1920-4E93-ACAE-0555FD7AC44F}.Release|iPhone.Deploy.0 = Release|Any CPU
		{31B06611-1920-4E93-ACAE-0555FD7AC44F}.Release|iPhoneSimulator.ActiveCfg = Release|Any CPU
		{31B06611-1920-4E93-ACAE-0555FD7AC44F}.Release|iPhoneSimulator.Build.0 = Release|Any CPU
		{31B06611-1920-4E93-ACAE-0555FD7AC44F}.Release|iPhoneSimulator.Deploy.0 = Release|Any CPU
		{ADD94449-DC0E-4F48-945F-F26A96229F1B}.Debug|Any CPU.ActiveCfg = Debug|iPhoneSimulator
		{ADD94449-DC0E-4F48-945F-F26A96229F1B}.Debug|Any CPU.Build.0 = Debug|iPhoneSimulator
		{ADD94449-DC0E-4F48-945F-F26A96229F1B}.Debug|Any CPU.Deploy.0 = Debug|iPhoneSimulator
		{ADD94449-DC0E-4F48-945F-F26A96229F1B}.Debug|iPhone.ActiveCfg = Debug|iPhone
		{ADD94449-DC0E-4F48-945F-F26A96229F1B}.Debug|iPhone.Build.0 = Debug|iPhone
		{ADD94449-DC0E-4F48-945F-F26A96229F1B}.Debug|iPhone.Deploy.0 = Debug|iPhone
		{ADD94449-DC0E-4F48-945F-F26A96229F1B}.Debug|iPhoneSimulator.ActiveCfg = Debug|iPhoneSimulator
		{ADD94449-DC0E-4F48-945F-F26A96229F1B}.Debug|iPhoneSimulator.Build.0 = Debug|iPhoneSimulator
		{ADD94449-DC0E-4F48-945F-F26A96229F1B}.Debug|iPhoneSimulator.Deploy.0 = Debug|iPhoneSimulator
		{ADD94449-DC0E-4F48-945F-F26A96229F1B}.Release|Any CPU.ActiveCfg = Release|iPhone
		{ADD94449-DC0E-4F48-945F-F26A96229F1B}.Release|Any CPU.Build.0 = Release|iPhone
		{ADD94449-DC0E-4F48-945F-F26A96229F1B}.Release|Any CPU.Deploy.0 = Release|iPhone
		{ADD94449-DC0E-4F48-945F-F26A96229F1B}.Release|iPhone.ActiveCfg = Release|iPhone
		{ADD94449-DC0E-4F48-945F-F26A96229F1B}.Release|iPhone.Build.0 = Release|iPhone
		{ADD94449-DC0E-4F48-945F-F26A96229F1B}.Release|iPhone.Deploy.0 = Release|iPhone
		{ADD94449-DC0E-4F48-945F-F26A96229F1B}.Release|iPhoneSimulator.ActiveCfg = Release|iPhoneSimulator
		{ADD94449-DC0E-4F48-945F-F26A96229F1B}.Release|iPhoneSimulator.Build.0 = Release|iPhoneSimulator
		{ADD94449-DC0E-4F48-945F-F26A96229F1B}.Release|iPhoneSimulator.Deploy.0 = Release|iPhoneSimulator
		{2FBD43D2-2A1F-426B-9D62-36D8C9258F0A}.Debug|Any CPU.ActiveCfg = Debug|Any CPU
		{2FBD43D2-2A1F-426B-9D62-36D8C9258F0A}.Debug|Any CPU.Build.0 = Debug|Any CPU
		{2FBD43D2-2A1F-426B-9D62-36D8C9258F0A}.Debug|Any CPU.Deploy.0 = Debug|Any CPU
		{2FBD43D2-2A1F-426B-9D62-36D8C9258F0A}.Debug|iPhone.ActiveCfg = Debug|Any CPU
		{2FBD43D2-2A1F-426B-9D62-36D8C9258F0A}.Debug|iPhone.Build.0 = Debug|Any CPU
		{2FBD43D2-2A1F-426B-9D62-36D8C9258F0A}.Debug|iPhone.Deploy.0 = Debug|Any CPU
		{2FBD43D2-2A1F-426B-9D62-36D8C9258F0A}.Debug|iPhoneSimulator.ActiveCfg = Debug|Any CPU
		{2FBD43D2-2A1F-426B-9D62-36D8C9258F0A}.Debug|iPhoneSimulator.Build.0 = Debug|Any CPU
		{2FBD43D2-2A1F-426B-9D62-36D8C9258F0A}.Debug|iPhoneSimulator.Deploy.0 = Debug|Any CPU
		{2FBD43D2-2A1F-426B-9D62-36D8C9258F0A}.Release|Any CPU.ActiveCfg = Release|Any CPU
		{2FBD43D2-2A1F-426B-9D62-36D8C9258F0A}.Release|Any CPU.Build.0 = Release|Any CPU
		{2FBD43D2-2A1F-426B-9D62-36D8C9258F0A}.Release|Any CPU.Deploy.0 = Release|Any CPU
		{2FBD43D2-2A1F-426B-9D62-36D8C9258F0A}.Release|iPhone.ActiveCfg = Release|Any CPU
		{2FBD43D2-2A1F-426B-9D62-36D8C9258F0A}.Release|iPhone.Build.0 = Release|Any CPU
		{2FBD43D2-2A1F-426B-9D62-36D8C9258F0A}.Release|iPhone.Deploy.0 = Release|Any CPU
		{2FBD43D2-2A1F-426B-9D62-36D8C9258F0A}.Release|iPhoneSimulator.ActiveCfg = Release|Any CPU
		{2FBD43D2-2A1F-426B-9D62-36D8C9258F0A}.Release|iPhoneSimulator.Build.0 = Release|Any CPU
		{2FBD43D2-2A1F-426B-9D62-36D8C9258F0A}.Release|iPhoneSimulator.Deploy.0 = Release|Any CPU
	EndGlobalSection
	GlobalSection(SolutionProperties) = preSolution
		HideSolutionNode = FALSE
	EndGlobalSection
	GlobalSection(ExtensibilityGlobals) = postSolution
		SolutionGuid = {5B22147A-A8EE-4B94-AAFB-559E974C1E1E}
	EndGlobalSection
EndGlobal
